
Microsoft Visual Studio Solution File, Format Version 12.00
# Visual Studio Version 17
VisualStudioVersion = 17.10.35122.118
MinimumVisualStudioVersion = 10.0.40219.1
Project("{9A19103F-16F7-4668-BE54-9A1E7A4F7556}") = "LeiaMain", "LeiaMain\LeiaMain.csproj", "{EBC088D0-95C6-4ED9-B7BC-8453D84F8448}"
EndProject
Project("{9A19103F-16F7-4668-BE54-9A1E7A4F7556}") = "DataObjects", "..\DataObjects\DataObjects.csproj", "{F6507650-CCCB-4E96-8BF0-9E3ACA39300F}"
EndProject
Project("{9A19103F-16F7-4668-BE54-9A1E7A4F7556}") = "CustomMatching", "..\CustomMatching\CustomMatching\CustomMatching\CustomMatching.csproj", "{3A8FE959-0324-455C-90E7-E68376D19EED}"
EndProject
Project("{9A19103F-16F7-4668-BE54-9A1E7A4F7556}") = "DAL", "..\DAL\DAL.csproj", "{1F148582-4A40-4524-9670-2B320A357006}"
EndProject
Project("{9A19103F-16F7-4668-BE54-9A1E7A4F7556}") = "Services", "Services\Services.csproj", "{AA7A31BF-8458-4293-B9CD-33BABF26C91C}"
EndProject
Project("{9A19103F-16F7-4668-BE54-9A1E7A4F7556}") = "Glicko2", "..\Glicko2 C#\Glicko2-master\Glicko2\Glicko2.csproj", "{36CAA438-4292-4727-8AAB-2DA52823CAD2}"
EndProject
Project("{FAE04EC0-301F-11D3-BF4B-00C04F79EFBC}") = "TestConsoleApp", "..\Glicko2 C#\Glicko2-master\TestConsoleApp\TestConsoleApp.csproj", "{F6789E0F-1722-4056-AD63-A64868F75023}"
EndProject
Project("{9A19103F-16F7-4668-BE54-9A1E7A4F7556}") = "GlickoTests", "..\Glicko2 C#\Glicko2-master\GlickoTests\GlickoTests.csproj", "{1CDE0CE4-3CE9-4A52-8329-BB75215D4B9F}"
EndProject
Project("{9A19103F-16F7-4668-BE54-9A1E7A4F7556}") = "NDCG Metric", "..\NDCG Metrics\NDCG Metric\NDCG Metric.csproj", "{855BAC8A-7E80-487C-8622-A634D904F315}"
EndProject
Global
	GlobalSection(SolutionConfigurationPlatforms) = preSolution
		Debug|Any CPU = Debug|Any CPU
		Release|Any CPU = Release|Any CPU
	EndGlobalSection
	GlobalSection(ProjectConfigurationPlatforms) = postSolution
		{EBC088D0-95C6-4ED9-B7BC-8453D84F8448}.Debug|Any CPU.ActiveCfg = Debug|Any CPU
		{EBC088D0-95C6-4ED9-B7BC-8453D84F8448}.Debug|Any CPU.Build.0 = Debug|Any CPU
		{EBC088D0-95C6-4ED9-B7BC-8453D84F8448}.Release|Any CPU.ActiveCfg = Release|Any CPU
		{EBC088D0-95C6-4ED9-B7BC-8453D84F8448}.Release|Any CPU.Build.0 = Release|Any CPU
		{F6507650-CCCB-4E96-8BF0-9E3ACA39300F}.Debug|Any CPU.ActiveCfg = Debug|Any CPU
		{F6507650-CCCB-4E96-8BF0-9E3ACA39300F}.Debug|Any CPU.Build.0 = Debug|Any CPU
		{F6507650-CCCB-4E96-8BF0-9E3ACA39300F}.Release|Any CPU.ActiveCfg = Release|Any CPU
		{F6507650-CCCB-4E96-8BF0-9E3ACA39300F}.Release|Any CPU.Build.0 = Release|Any CPU
		{3A8FE959-0324-455C-90E7-E68376D19EED}.Debug|Any CPU.ActiveCfg = Debug|Any CPU
		{3A8FE959-0324-455C-90E7-E68376D19EED}.Debug|Any CPU.Build.0 = Debug|Any CPU
		{3A8FE959-0324-455C-90E7-E68376D19EED}.Release|Any CPU.ActiveCfg = Release|Any CPU
		{3A8FE959-0324-455C-90E7-E68376D19EED}.Release|Any CPU.Build.0 = Release|Any CPU
		{1F148582-4A40-4524-9670-2B320A357006}.Debug|Any CPU.ActiveCfg = Debug|Any CPU
		{1F148582-4A40-4524-9670-2B320A357006}.Debug|Any CPU.Build.0 = Debug|Any CPU
		{1F148582-4A40-4524-9670-2B320A357006}.Release|Any CPU.ActiveCfg = Release|Any CPU
		{1F148582-4A40-4524-9670-2B320A357006}.Release|Any CPU.Build.0 = Release|Any CPU
		{AA7A31BF-8458-4293-B9CD-33BABF26C91C}.Debug|Any CPU.ActiveCfg = Debug|Any CPU
		{AA7A31BF-8458-4293-B9CD-33BABF26C91C}.Debug|Any CPU.Build.0 = Debug|Any CPU
		{AA7A31BF-8458-4293-B9CD-33BABF26C91C}.Release|Any CPU.ActiveCfg = Release|Any CPU
		{AA7A31BF-8458-4293-B9CD-33BABF26C91C}.Release|Any CPU.Build.0 = Release|Any CPU
		{36CAA438-4292-4727-8AAB-2DA52823CAD2}.Debug|Any CPU.ActiveCfg = Debug|Any CPU
		{36CAA438-4292-4727-8AAB-2DA52823CAD2}.Debug|Any CPU.Build.0 = Debug|Any CPU
		{36CAA438-4292-4727-8AAB-2DA52823CAD2}.Release|Any CPU.ActiveCfg = Release|Any CPU
		{36CAA438-4292-4727-8AAB-2DA52823CAD2}.Release|Any CPU.Build.0 = Release|Any CPU
		{F6789E0F-1722-4056-AD63-A64868F75023}.Debug|Any CPU.ActiveCfg = Debug|Any CPU
		{F6789E0F-1722-4056-AD63-A64868F75023}.Debug|Any CPU.Build.0 = Debug|Any CPU
		{F6789E0F-1722-4056-AD63-A64868F75023}.Release|Any CPU.ActiveCfg = Release|Any CPU
		{F6789E0F-1722-4056-AD63-A64868F75023}.Release|Any CPU.Build.0 = Release|Any CPU
		{1CDE0CE4-3CE9-4A52-8329-BB75215D4B9F}.Debug|Any CPU.ActiveCfg = Debug|Any CPU
		{1CDE0CE4-3CE9-4A52-8329-BB75215D4B9F}.Debug|Any CPU.Build.0 = Debug|Any CPU
		{1CDE0CE4-3CE9-4A52-8329-BB75215D4B9F}.Release|Any CPU.ActiveCfg = Release|Any CPU
		{1CDE0CE4-3CE9-4A52-8329-BB75215D4B9F}.Release|Any CPU.Build.0 = Release|Any CPU
		{855BAC8A-7E80-487C-8622-A634D904F315}.Debug|Any CPU.ActiveCfg = Debug|Any CPU
		{855BAC8A-7E80-487C-8622-A634D904F315}.Debug|Any CPU.Build.0 = Debug|Any CPU
		{855BAC8A-7E80-487C-8622-A634D904F315}.Release|Any CPU.ActiveCfg = Release|Any CPU
		{855BAC8A-7E80-487C-8622-A634D904F315}.Release|Any CPU.Build.0 = Release|Any CPU
	EndGlobalSection
	GlobalSection(SolutionProperties) = preSolution
		HideSolutionNode = FALSE
	EndGlobalSection
	GlobalSection(ExtensibilityGlobals) = postSolution
		SolutionGuid = {FFF7E2EC-4D48-444A-A835-2195B33A9B8E}
	EndGlobalSection
EndGlobal
